
Microsoft Visual Studio Solution File, Format Version 12.00
# Visual Studio Version 16
VisualStudioVersion = 16.0.31019.35
MinimumVisualStudioVersion = 10.0.40219.1
Project("{9A19103F-16F7-4668-BE54-9A1E7A4F7556}") = "CiCdHelloWorld", "CiCdHelloWorld\CiCdHelloWorld.csproj", "{EF7106F7-7572-45E6-9869-E8A531B27319}"
EndProject
Project("{FAE04EC0-301F-11D3-BF4B-00C04F79EFBC}") = "CiCdHelloWorldTests", "CiCdHelloWorldTests\CiCdHelloWorldTests.csproj", "{AC0C9DDA-9308-44E0-87B4-9AA0F5D73828}"
EndProject
Global
	GlobalSection(SolutionConfigurationPlatforms) = preSolution
		Debug|Any CPU = Debug|Any CPU
		Release|Any CPU = Release|Any CPU
	EndGlobalSection
	GlobalSection(ProjectConfigurationPlatforms) = postSolution
		{EF7106F7-7572-45E6-9869-E8A531B27319}.Debug|Any CPU.ActiveCfg = Debug|Any CPU
		{EF7106F7-7572-45E6-9869-E8A531B27319}.Debug|Any CPU.Build.0 = Debug|Any CPU
		{EF7106F7-7572-45E6-9869-E8A531B27319}.Release|Any CPU.ActiveCfg = Release|Any CPU
		{EF7106F7-7572-45E6-9869-E8A531B27319}.Release|Any CPU.Build.0 = Release|Any CPU
		{AC0C9DDA-9308-44E0-87B4-9AA0F5D73828}.Debug|Any CPU.ActiveCfg = Debug|Any CPU
		{AC0C9DDA-9308-44E0-87B4-9AA0F5D73828}.Debug|Any CPU.Build.0 = Debug|Any CPU
		{AC0C9DDA-9308-44E0-87B4-9AA0F5D73828}.Release|Any CPU.ActiveCfg = Release|Any CPU
		{AC0C9DDA-9308-44E0-87B4-9AA0F5D73828}.Release|Any CPU.Build.0 = Release|Any CPU
	EndGlobalSection
	GlobalSection(SolutionProperties) = preSolution
		HideSolutionNode = FALSE
	EndGlobalSection
	GlobalSection(ExtensibilityGlobals) = postSolution
		SolutionGuid = {F8935439-2430-46A8-8A34-92F44E2777FE}
	EndGlobalSection
EndGlobal
